
Microsoft Visual Studio Solution File, Format Version 12.00
# Visual Studio Version 17
VisualStudioVersion = 17.0.31903.59
MinimumVisualStudioVersion = 10.0.40219.1
Project("{FAE04EC0-301F-11D3-BF4B-00C04F79EFBC}") = "minimal-api", "Api\minimal-api.csproj", "{80B87AB1-B765-4AAE-B746-1087AED87B25}"
EndProject
Project("{FAE04EC0-301F-11D3-BF4B-00C04F79EFBC}") = "Test", "Test\Test.csproj", "{86E62C66-0813-415F-9D67-BD8BDB74BB52}"
EndProject
Global
	GlobalSection(SolutionConfigurationPlatforms) = preSolution
		Debug|Any CPU = Debug|Any CPU
		Release|Any CPU = Release|Any CPU
	EndGlobalSection
	GlobalSection(SolutionProperties) = preSolution
		HideSolutionNode = FALSE
	EndGlobalSection
	GlobalSection(ProjectConfigurationPlatforms) = postSolution
		{80B87AB1-B765-4AAE-B746-1087AED87B25}.Debug|Any CPU.ActiveCfg = Debug|Any CPU
		{80B87AB1-B765-4AAE-B746-1087AED87B25}.Debug|Any CPU.Build.0 = Debug|Any CPU
		{80B87AB1-B765-4AAE-B746-1087AED87B25}.Release|Any CPU.ActiveCfg = Release|Any CPU
		{80B87AB1-B765-4AAE-B746-1087AED87B25}.Release|Any CPU.Build.0 = Release|Any CPU
		{86E62C66-0813-415F-9D67-BD8BDB74BB52}.Debug|Any CPU.ActiveCfg = Debug|Any CPU
		{86E62C66-0813-415F-9D67-BD8BDB74BB52}.Debug|Any CPU.Build.0 = Debug|Any CPU
		{86E62C66-0813-415F-9D67-BD8BDB74BB52}.Release|Any CPU.ActiveCfg = Release|Any CPU
		{86E62C66-0813-415F-9D67-BD8BDB74BB52}.Release|Any CPU.Build.0 = Release|Any CPU
	EndGlobalSection
EndGlobal
